
Microsoft Visual Studio Solution File, Format Version 12.00
Project("{FAE04EC0-301F-11D3-BF4B-00C04F79EFBC}") = "FinanceApp", "FinanceApp\FinanceApp.csproj", "{B40F2348-B0E5-403C-AE3D-06569B59F303}"
EndProject
Global
	GlobalSection(SolutionConfigurationPlatforms) = preSolution
		Debug|Any CPU = Debug|Any CPU
		Release|Any CPU = Release|Any CPU
	EndGlobalSection
	GlobalSection(ProjectConfigurationPlatforms) = postSolution
		{B40F2348-B0E5-403C-AE3D-06569B59F303}.Debug|Any CPU.ActiveCfg = Debug|Any CPU
		{B40F2348-B0E5-403C-AE3D-06569B59F303}.Debug|Any CPU.Build.0 = Debug|Any CPU
		{B40F2348-B0E5-403C-AE3D-06569B59F303}.Release|Any CPU.ActiveCfg = Release|Any CPU
		{B40F2348-B0E5-403C-AE3D-06569B59F303}.Release|Any CPU.Build.0 = Release|Any CPU
	EndGlobalSection
EndGlobal
